# This file is automatically @generated by Cargo.
# It is not intended for manual editing.
version = 4

[[package]]
name = "common_substrings"
version = "1.0.0"
source = "registry+https://github.com/rust-lang/crates.io-index"
checksum = "96a2953ed69de66447ad8cd73d1fff54539b06c1e3a3854fd224b00410cad4f4"

[[package]]
name = "day-03"
version = "0.1.0"
dependencies = [
 "common_substrings",
]
